
Microsoft Visual Studio Solution File, Format Version 12.00
# Visual Studio Version 16
VisualStudioVersion = 16.0.30621.155
MinimumVisualStudioVersion = 10.0.40219.1
Project("{FAE04EC0-301F-11D3-BF4B-00C04F79EFBC}") = "LastClassWork", "LastClassWork\LastClassWork.csproj", "{C2293284-3D90-4E6E-BE42-74BC103E32AB}"
EndProject
Global
	GlobalSection(SolutionConfigurationPlatforms) = preSolution
		Debug|Any CPU = Debug|Any CPU
		Release|Any CPU = Release|Any CPU
	EndGlobalSection
	GlobalSection(ProjectConfigurationPlatforms) = postSolution
		{C2293284-3D90-4E6E-BE42-74BC103E32AB}.Debug|Any CPU.ActiveCfg = Debug|Any CPU
		{C2293284-3D90-4E6E-BE42-74BC103E32AB}.Debug|Any CPU.Build.0 = Debug|Any CPU
		{C2293284-3D90-4E6E-BE42-74BC103E32AB}.Release|Any CPU.ActiveCfg = Release|Any CPU
		{C2293284-3D90-4E6E-BE42-74BC103E32AB}.Release|Any CPU.Build.0 = Release|Any CPU
	EndGlobalSection
	GlobalSection(SolutionProperties) = preSolution
		HideSolutionNode = FALSE
	EndGlobalSection
	GlobalSection(ExtensibilityGlobals) = postSolution
		SolutionGuid = {C4F5CED2-2C77-4025-BDDA-FCA15107CE88}
	EndGlobalSection
EndGlobal
